{
  "name": "dashkeys",
  "version": "0.9.0",
  "lockfileVersion": 2,
  "requires": true,
  "packages": {
    "": {
      "name": "dashkeys",
      "version": "0.9.0",
      "license": "SEE LICENSE IN LICENSE",
      "devDependencies": {
        "@dashincubator/secp256k1": "^1.7.1-2"
      }
    },
    "node_modules/@dashincubator/secp256k1": {
      "version": "1.7.1-2",
      "resolved": "https://registry.npmjs.org/@dashincubator/secp256k1/-/secp256k1-1.7.1-2.tgz",
      "integrity": "sha512-50XIgfLOOo2n67Jo1woNbM3Kd9+UbU54aAg7GyAcVyyshp15aobZwzB6VF0cZST1fhWF8S2KOjCcpnFRprfdNQ==",
      "dev": true
    }
  },
  "dependencies": {
    "@dashincubator/secp256k1": {
      "version": "1.7.1-2",
      "resolved": "https://registry.npmjs.org/@dashincubator/secp256k1/-/secp256k1-1.7.1-2.tgz",
      "integrity": "sha512-50XIgfLOOo2n67Jo1woNbM3Kd9+UbU54aAg7GyAcVyyshp15aobZwzB6VF0cZST1fhWF8S2KOjCcpnFRprfdNQ==",
      "dev": true
    }
  }
}
