{
  "name": "dashkeys",
  "version": "0.2.0",
  "lockfileVersion": 2,
  "requires": true,
  "packages": {
    "": {
      "name": "dashkeys",
      "version": "0.2.0",
      "license": "SEE LICENSE IN LICENSE",
      "dependencies": {
        "@dashincubator/base58check": "^1.2.0",
        "@dashincubator/ripemd160": "^2.3.0",
        "@dashincubator/secp256k1": "^1.7.1-0"
      },
      "bin": {
        "dashkeys": "bin/dashkeys.js"
      }
    },
    "node_modules/@dashincubator/base58check": {
      "version": "1.2.0",
      "resolved": "https://registry.npmjs.org/@dashincubator/base58check/-/base58check-1.2.0.tgz",
      "integrity": "sha512-zUEAohuHSCwRoocvaSPQvZRvRdiy4mmfNFw+41YAaWTdaL0msHCaw0/5PJOM5NTIs2mkM7wiKOKSQ3EcRNLOWQ==",
      "bin": {
        "base58check": "bin/base58check.js"
      }
    },
    "node_modules/@dashincubator/ripemd160": {
      "version": "2.3.0",
      "resolved": "https://registry.npmjs.org/@dashincubator/ripemd160/-/ripemd160-2.3.0.tgz",
      "integrity": "sha512-SfaUhvXti0Ut6ZhlAwurrRAG56phxqWozj72Hixx/v3LSQj1/wjkgTuDaexil672CzLD+RRWoPgp41BSM+DJJA=="
    },
    "node_modules/@dashincubator/secp256k1": {
      "version": "1.7.1-0",
      "resolved": "https://registry.npmjs.org/@dashincubator/secp256k1/-/secp256k1-1.7.1-0.tgz",
      "integrity": "sha512-ximJhou6YwJw0UHfsfeoDv1svhgriaWZrTV2yKhdZbs1BR/VaChGt+c+qpvQwPuMiP8MoW5B7n3HbXTtHLhS/w=="
    }
  },
  "dependencies": {
    "@dashincubator/base58check": {
      "version": "1.2.0",
      "resolved": "https://registry.npmjs.org/@dashincubator/base58check/-/base58check-1.2.0.tgz",
      "integrity": "sha512-zUEAohuHSCwRoocvaSPQvZRvRdiy4mmfNFw+41YAaWTdaL0msHCaw0/5PJOM5NTIs2mkM7wiKOKSQ3EcRNLOWQ=="
    },
    "@dashincubator/ripemd160": {
      "version": "2.3.0",
      "resolved": "https://registry.npmjs.org/@dashincubator/ripemd160/-/ripemd160-2.3.0.tgz",
      "integrity": "sha512-SfaUhvXti0Ut6ZhlAwurrRAG56phxqWozj72Hixx/v3LSQj1/wjkgTuDaexil672CzLD+RRWoPgp41BSM+DJJA=="
    },
    "@dashincubator/secp256k1": {
      "version": "1.7.1-0",
      "resolved": "https://registry.npmjs.org/@dashincubator/secp256k1/-/secp256k1-1.7.1-0.tgz",
      "integrity": "sha512-ximJhou6YwJw0UHfsfeoDv1svhgriaWZrTV2yKhdZbs1BR/VaChGt+c+qpvQwPuMiP8MoW5B7n3HbXTtHLhS/w=="
    }
  }
}
