{
  "name": "dashkeys",
  "version": "0.3.1",
  "lockfileVersion": 2,
  "requires": true,
  "packages": {
    "": {
      "name": "dashkeys",
      "version": "0.3.1",
      "license": "SEE LICENSE IN LICENSE",
      "dependencies": {
        "@dashincubator/secp256k1": "^1.7.1-1"
      }
    },
    "node_modules/@dashincubator/secp256k1": {
      "version": "1.7.1-1",
      "resolved": "https://registry.npmjs.org/@dashincubator/secp256k1/-/secp256k1-1.7.1-1.tgz",
      "integrity": "sha512-zkCfHPiIBWkSHojMEVBGNi9y9vX0NHGxkwO5zdZVlhbiqpWGOPbFRbUIwbEFdlnx4tS2x8w8InNzl36qVYWsGg=="
    }
  },
  "dependencies": {
    "@dashincubator/secp256k1": {
      "version": "1.7.1-1",
      "resolved": "https://registry.npmjs.org/@dashincubator/secp256k1/-/secp256k1-1.7.1-1.tgz",
      "integrity": "sha512-zkCfHPiIBWkSHojMEVBGNi9y9vX0NHGxkwO5zdZVlhbiqpWGOPbFRbUIwbEFdlnx4tS2x8w8InNzl36qVYWsGg=="
    }
  }
}
